{
  "nodes": {
    "flake-compat": {
      "flake": false,
      "locked": {
        "lastModified": 1717312683,
        "narHash": "sha256-FrlieJH50AuvagamEvWMIE6D2OAnERuDboFDYAED/dE=",
        "owner": "nix-community",
        "repo": "flake-compat",
        "rev": "38fd3954cf65ce6faf3d0d45cd26059e059f07ea",
        "type": "github"
      },
      "original": {
        "owner": "nix-community",
        "repo": "flake-compat",
        "type": "github"
      }
    },
    "home-manager": {
      "inputs": {
        "nixpkgs": [
          "nixpkgs"
        ]
      },
      "locked": {
        "lastModified": 1719385710,
        "narHash": "sha256-0yb5D0wCEtXoTi4ssNZxwvLTrahTwlHYPtx252FZ1MU=",
        "owner": "nix-community",
        "repo": "home-manager",
        "rev": "92a26bf6df1f00cbbed16a99d2547531ff4b3a83",
        "type": "github"
      },
      "original": {
        "owner": "nix-community",
        "repo": "home-manager",
        "type": "github"
      }
    },
    "home-manager-stable": {
      "inputs": {
        "nixpkgs": [
          "nixpkgs"
        ]
      },
      "locked": {
        "lastModified": 1718530513,
        "narHash": "sha256-BmO8d0r+BVlwWtMLQEYnwmngqdXIuyFzMwvmTcLMee8=",
        "owner": "nix-community",
        "repo": "home-manager",
        "rev": "a1fddf0967c33754271761d91a3d921772b30d0e",
        "type": "github"
      },
      "original": {
        "owner": "nix-community",
        "ref": "release-24.05",
        "repo": "home-manager",
        "type": "github"
      }
    },
    "nix-formatter-pack": {
      "inputs": {
        "nixpkgs": [
          "nix-on-droid",
          "nixpkgs"
        ],
        "nmd": "nmd",
        "nmt": "nmt"
      },
      "locked": {
        "lastModified": 1705252799,
        "narHash": "sha256-HgSTREh7VoXjGgNDwKQUYcYo13rPkltW7IitHrTPA5c=",
        "owner": "Gerschtli",
        "repo": "nix-formatter-pack",
        "rev": "2de39dedd79aab14c01b9e2934842051a160ffa5",
        "type": "github"
      },
      "original": {
        "owner": "Gerschtli",
        "repo": "nix-formatter-pack",
        "type": "github"
      }
    },
    "nix-on-droid": {
      "inputs": {
        "home-manager": [
          "home-manager"
        ],
        "nix-formatter-pack": "nix-formatter-pack",
        "nixpkgs": [
          "nixpkgs"
        ],
        "nixpkgs-docs": "nixpkgs-docs",
        "nixpkgs-for-bootstrap": "nixpkgs-for-bootstrap",
        "nmd": "nmd_2"
      },
      "locked": {
        "lastModified": 1719091181,
        "narHash": "sha256-zkRnDnLHQd4UFm5JWvCikxN4RYOGMt+wgMrHpsnUu4Q=",
        "owner": "nix-community",
        "repo": "nix-on-droid",
        "rev": "2c8acfb3333eade5918c599bb2a0cb5903082f0b",
        "type": "github"
      },
      "original": {
        "owner": "nix-community",
        "ref": "testing",
        "repo": "nix-on-droid",
        "type": "github"
      }
    },
    "nixos-cosmic": {
      "inputs": {
        "flake-compat": "flake-compat",
        "nixpkgs": [
          "nixpkgs"
        ],
        "nixpkgs-stable": "nixpkgs-stable"
      },
      "locked": {
        "lastModified": 1719365735,
        "narHash": "sha256-wT0KspT+H2i4R6ISAjV0YEpdIYEjV6Q/VgNgEYBumYs=",
        "owner": "lilyinstarlight",
        "repo": "nixos-cosmic",
        "rev": "7f24db2d46cf28f3e274ffea694f405184dba143",
        "type": "github"
      },
      "original": {
        "owner": "lilyinstarlight",
        "repo": "nixos-cosmic",
        "type": "github"
      }
    },
    "nixpkgs": {
      "locked": {
        "lastModified": 1719075281,
        "narHash": "sha256-CyyxvOwFf12I91PBWz43iGT1kjsf5oi6ax7CrvaMyAo=",
        "ref": "nixos-unstable",
        "rev": "a71e967ef3694799d0c418c98332f7ff4cc5f6af",
        "revCount": 642660,
        "type": "git",
        "url": "https://mirrors.tuna.tsinghua.edu.cn/git/nixpkgs.git/"
      },
      "original": {
        "ref": "nixos-unstable",
        "type": "git",
        "url": "https://mirrors.tuna.tsinghua.edu.cn/git/nixpkgs.git/"
      }
    },
    "nixpkgs-docs": {
      "locked": {
        "lastModified": 1705957679,
        "narHash": "sha256-Q8LJaVZGJ9wo33wBafvZSzapYsjOaNjP/pOnSiKVGHY=",
        "owner": "NixOS",
        "repo": "nixpkgs",
        "rev": "9a333eaa80901efe01df07eade2c16d183761fa3",
        "type": "github"
      },
      "original": {
        "owner": "NixOS",
        "ref": "release-23.05",
        "repo": "nixpkgs",
        "type": "github"
      }
    },
    "nixpkgs-for-bootstrap": {
      "locked": {
        "lastModified": 1708105575,
        "narHash": "sha256-sS4AItZeUnAei6v8FqxNlm+/27MPlfoGym/TZP0rmH0=",
        "owner": "NixOS",
        "repo": "nixpkgs",
        "rev": "1d1817869c47682a6bee85b5b0a6537b6c0fba26",
        "type": "github"
      },
      "original": {
        "owner": "NixOS",
        "repo": "nixpkgs",
        "rev": "1d1817869c47682a6bee85b5b0a6537b6c0fba26",
        "type": "github"
      }
    },
    "nixpkgs-stable": {
      "locked": {
        "lastModified": 1719253556,
        "narHash": "sha256-A/76RFUVxZ/7Y8+OMVL1Lc8LRhBxZ8ZE2bpMnvZ1VpY=",
        "owner": "NixOS",
        "repo": "nixpkgs",
        "rev": "fc07dc3bdf2956ddd64f24612ea7fc894933eb2e",
        "type": "github"
      },
      "original": {
        "owner": "NixOS",
        "ref": "nixos-24.05",
        "repo": "nixpkgs",
        "type": "github"
      }
    },
    "nixpkgs-stable_2": {
      "locked": {
        "lastModified": 1719253556,
        "narHash": "sha256-A/76RFUVxZ/7Y8+OMVL1Lc8LRhBxZ8ZE2bpMnvZ1VpY=",
        "owner": "NixOS",
        "repo": "nixpkgs",
        "rev": "fc07dc3bdf2956ddd64f24612ea7fc894933eb2e",
        "type": "github"
      },
      "original": {
        "owner": "NixOS",
        "ref": "nixos-24.05",
        "repo": "nixpkgs",
        "type": "github"
      }
    },
    "nmd": {
      "flake": false,
      "locked": {
        "lastModified": 1666190571,
        "narHash": "sha256-Z1hc7M9X6L+H83o9vOprijpzhTfOBjd0KmUTnpHAVjA=",
        "owner": "rycee",
        "repo": "nmd",
        "rev": "b75d312b4f33bd3294cd8ae5c2ca8c6da2afc169",
        "type": "gitlab"
      },
      "original": {
        "owner": "rycee",
        "repo": "nmd",
        "type": "gitlab"
      }
    },
    "nmd_2": {
      "inputs": {
        "nixpkgs": [
          "nix-on-droid",
          "nixpkgs-docs"
        ],
        "scss-reset": "scss-reset"
      },
      "locked": {
        "lastModified": 1705050560,
        "narHash": "sha256-x3zzcdvhJpodsmdjqB4t5mkVW22V3wqHLOun0KRBzUI=",
        "owner": "~rycee",
        "repo": "nmd",
        "rev": "66d9334933119c36f91a78d565c152a4fdc8d3d3",
        "type": "sourcehut"
      },
      "original": {
        "owner": "~rycee",
        "repo": "nmd",
        "type": "sourcehut"
      }
    },
    "nmt": {
      "flake": false,
      "locked": {
        "lastModified": 1648075362,
        "narHash": "sha256-u36WgzoA84dMVsGXzml4wZ5ckGgfnvS0ryzo/3zn/Pc=",
        "owner": "rycee",
        "repo": "nmt",
        "rev": "d83601002c99b78c89ea80e5e6ba21addcfe12ae",
        "type": "gitlab"
      },
      "original": {
        "owner": "rycee",
        "repo": "nmt",
        "type": "gitlab"
      }
    },
    "root": {
      "inputs": {
        "home-manager": "home-manager",
        "home-manager-stable": "home-manager-stable",
        "nix-on-droid": "nix-on-droid",
        "nixos-cosmic": "nixos-cosmic",
        "nixpkgs": "nixpkgs",
        "nixpkgs-stable": "nixpkgs-stable_2"
      }
    },
    "scss-reset": {
      "flake": false,
      "locked": {
        "lastModified": 1631450058,
        "narHash": "sha256-muDlZJPtXDIGevSEWkicPP0HQ6VtucbkMNygpGlBEUM=",
        "owner": "andreymatin",
        "repo": "scss-reset",
        "rev": "0cf50e27a4e95e9bb5b1715eedf9c54dee1a5a91",
        "type": "github"
      },
      "original": {
        "owner": "andreymatin",
        "repo": "scss-reset",
        "type": "github"
      }
    }
  },
  "root": "root",
  "version": 7
}
